
Microsoft Visual Studio Solution File, Format Version 12.00
# Visual Studio Version 17
VisualStudioVersion = 17.2.32616.157
MinimumVisualStudioVersion = 10.0.40219.1
Project("{9A19103F-16F7-4668-BE54-9A1E7A4F7556}") = "dotClock", "dotClock.csproj", "{46C1DD15-D11B-4F8A-AC95-5C36339785E3}"
EndProject
Global
	GlobalSection(SolutionConfigurationPlatforms) = preSolution
		Debug|Any CPU = Debug|Any CPU
		Release|Any CPU = Release|Any CPU
	EndGlobalSection
	GlobalSection(ProjectConfigurationPlatforms) = postSolution
		{46C1DD15-D11B-4F8A-AC95-5C36339785E3}.Debug|Any CPU.ActiveCfg = Debug|Any CPU
		{46C1DD15-D11B-4F8A-AC95-5C36339785E3}.Debug|Any CPU.Build.0 = Debug|Any CPU
		{46C1DD15-D11B-4F8A-AC95-5C36339785E3}.Release|Any CPU.ActiveCfg = Release|Any CPU
		{46C1DD15-D11B-4F8A-AC95-5C36339785E3}.Release|Any CPU.Build.0 = Release|Any CPU
	EndGlobalSection
	GlobalSection(SolutionProperties) = preSolution
		HideSolutionNode = FALSE
	EndGlobalSection
	GlobalSection(ExtensibilityGlobals) = postSolution
		SolutionGuid = {365DE120-6336-4A80-AFC6-D3A9724486DD}
	EndGlobalSection
EndGlobal
